# This file is automatically @generated by Cargo.
# It is not intended for manual editing.
version = 4

[[package]]
name = "alloc-demo"
version = "0.1.0"
dependencies = [
 "fullrust",
 "purestd",
]

[[package]]
name = "args"
version = "0.1.0"
dependencies = [
 "fullrust",
 "purestd",
]

[[package]]
name = "cargo-fullrust"
version = "0.1.1"

[[package]]
name = "fullrust"
version = "0.1.1"

[[package]]
name = "hello"
version = "0.1.0"
dependencies = [
 "fullrust",
 "purestd",
]

[[package]]
name = "panic-demo"
version = "0.1.0"
dependencies = [
 "fullrust",
 "purestd",
]

[[package]]
name = "plain"
version = "0.1.0"

[[package]]
name = "purestd"
version = "0.0.1"
source = "registry+https://github.com/rust-lang/crates.io-index"
checksum = "9b335c5172e2727e37b6e15a679097d4bd66fc2c6dd36da461bac53d357b2a7b"
