# This file is automatically @generated by Cargo.
# It is not intended for manual editing.
version = 4

[[package]]
name = "alloc-demo"
version = "0.1.0"
dependencies = [
 "fullrust",
]

[[package]]
name = "args"
version = "0.1.0"
dependencies = [
 "fullrust",
]

[[package]]
name = "foldhash"
version = "0.1.5"
source = "registry+https://github.com/rust-lang/crates.io-index"
checksum = "d9c4f5dac5e15c24eb999c26181a6ca40b39fe946cbe4c263c7209467bc83af2"

[[package]]
name = "fullrust"
version = "0.1.0"

[[package]]
name = "fullrust-std"
version = "0.1.0"
dependencies = [
 "fullrust",
 "hashbrown",
]

[[package]]
name = "hashbrown"
version = "0.15.5"
source = "registry+https://github.com/rust-lang/crates.io-index"
checksum = "9229cfe53dfd69f0609a49f65461bd93001ea1ef889cd5529dd176593f5338a1"
dependencies = [
 "foldhash",
]

[[package]]
name = "hello"
version = "0.1.0"
dependencies = [
 "fullrust",
]

[[package]]
name = "panic-demo"
version = "0.1.0"
dependencies = [
 "fullrust",
]

[[package]]
name = "purecrypto"
version = "0.6.2"
dependencies = [
 "fullrust",
 "fullrust-std",
]

[[package]]
name = "purecrypto-sha256"
version = "0.1.0"
dependencies = [
 "fullrust",
 "purecrypto",
]

[[package]]
name = "std-smoke"
version = "0.1.0"
dependencies = [
 "fullrust",
 "fullrust-std",
]
